// !$*UTF8*$!
{
	archiveVersion = 1;
	classes = {
	};
	objectVersion = 48;
	objects = {

/* Begin PBXBuildFile section */
		97640842204485D800F88FEF /* APIManager.swift in Sources */ = {isa = PBXBuildFile; fileRef = 97640841204485D800F88FEF /* APIManager.swift */; };
		977C460B2049FEAD00E7B42D /* LoginViewController.swift in Sources */ = {isa = PBXBuildFile; fileRef = 977C460A2049FEAD00E7B42D /* LoginViewController.swift */; };
		977C460F204A0D0200E7B42D /* RegisterViewController.swift in Sources */ = {isa = PBXBuildFile; fileRef = 977C460E204A0D0200E7B42D /* RegisterViewController.swift */; };
		977C4611204A4BC200E7B42D /* GradientView.swift in Sources */ = {isa = PBXBuildFile; fileRef = 977C4610204A4BC200E7B42D /* GradientView.swift */; };
		97D53FC62041EBC900EB057D /* AppDelegate.swift in Sources */ = {isa = PBXBuildFile; fileRef = 97D53FC52041EBC900EB057D /* AppDelegate.swift */; };
		97D53FCB2041EBC900EB057D /* Main.storyboard in Resources */ = {isa = PBXBuildFile; fileRef = 97D53FC92041EBC900EB057D /* Main.storyboard */; };
		97D53FCE2041EBC900EB057D /* Food_Tracker.xcdatamodeld in Sources */ = {isa = PBXBuildFile; fileRef = 97D53FCC2041EBC900EB057D /* Food_Tracker.xcdatamodeld */; };
		97D53FD02041EBC900EB057D /* Assets.xcassets in Resources */ = {isa = PBXBuildFile; fileRef = 97D53FCF2041EBC900EB057D /* Assets.xcassets */; };
		97D53FD32041EBC900EB057D /* LaunchScreen.storyboard in Resources */ = {isa = PBXBuildFile; fileRef = 97D53FD12041EBC900EB057D /* LaunchScreen.storyboard */; };
		97D53FDE2041EBC900EB057D /* Food_TrackerTests.swift in Sources */ = {isa = PBXBuildFile; fileRef = 97D53FDD2041EBC900EB057D /* Food_TrackerTests.swift */; };
		97D53FE92041EBC900EB057D /* Food_TrackerUITests.swift in Sources */ = {isa = PBXBuildFile; fileRef = 97D53FE82041EBC900EB057D /* Food_TrackerUITests.swift */; };
		97D53FF72041EFCC00EB057D /* MealViewController.swift in Sources */ = {isa = PBXBuildFile; fileRef = 97D53FF62041EFCC00EB057D /* MealViewController.swift */; };
		97D53FF92042159300EB057D /* RatingControl.swift in Sources */ = {isa = PBXBuildFile; fileRef = 97D53FF82042159300EB057D /* RatingControl.swift */; };
		97E1227A2043354C0067AEC4 /* Meal.swift in Sources */ = {isa = PBXBuildFile; fileRef = 97E122792043354C0067AEC4 /* Meal.swift */; };
		97E1227C20433EC70067AEC4 /* MealTableViewCell.swift in Sources */ = {isa = PBXBuildFile; fileRef = 97E1227B20433EC70067AEC4 /* MealTableViewCell.swift */; };
		97E1227E204340C50067AEC4 /* MealTableViewController.swift in Sources */ = {isa = PBXBuildFile; fileRef = 97E1227D204340C50067AEC4 /* MealTableViewController.swift */; };
/* End PBXBuildFile section */

/* Begin PBXContainerItemProxy section */
		97D53FDA2041EBC900EB057D /* PBXContainerItemProxy */ = {
			isa = PBXContainerItemProxy;
			containerPortal = 97D53FBA2041EBC900EB057D /* Project object */;
			proxyType = 1;
			remoteGlobalIDString = 97D53FC12041EBC900EB057D;
			remoteInfo = "Food Tracker";
		};
		97D53FE52041EBC900EB057D /* PBXContainerItemProxy */ = {
			isa = PBXContainerItemProxy;
			containerPortal = 97D53FBA2041EBC900EB057D /* Project object */;
			proxyType = 1;
			remoteGlobalIDString = 97D53FC12041EBC900EB057D;
			remoteInfo = "Food Tracker";
		};
/* End PBXContainerItemProxy section */

/* Begin PBXFileReference section */
		97640841204485D800F88FEF /* APIManager.swift */ = {isa = PBXFileReference; lastKnownFileType = sourcecode.swift; path = APIManager.swift; sourceTree = "<group>"; };
		977C460A2049FEAD00E7B42D /* LoginViewController.swift */ = {isa = PBXFileReference; lastKnownFileType = sourcecode.swift; path = LoginViewController.swift; sourceTree = "<group>"; };
		977C460E204A0D0200E7B42D /* RegisterViewController.swift */ = {isa = PBXFileReference; lastKnownFileType = sourcecode.swift; path = RegisterViewController.swift; sourceTree = "<group>"; };
		977C4610204A4BC200E7B42D /* GradientView.swift */ = {isa = PBXFileReference; lastKnownFileType = sourcecode.swift; path = GradientView.swift; sourceTree = "<group>"; };
		97D53FC22041EBC900EB057D /* Food Tracker.app */ = {isa = PBXFileReference; explicitFileType = wrapper.application; includeInIndex = 0; path = "Food Tracker.app"; sourceTree = BUILT_PRODUCTS_DIR; };
		97D53FC52041EBC900EB057D /* AppDelegate.swift */ = {isa = PBXFileReference; lastKnownFileType = sourcecode.swift; path = AppDelegate.swift; sourceTree = "<group>"; };
		97D53FCA2041EBC900EB057D /* Base */ = {isa = PBXFileReference; lastKnownFileType = file.storyboard; name = Base; path = Base.lproj/Main.storyboard; sourceTree = "<group>"; };
		97D53FCD2041EBC900EB057D /* Food_Tracker.xcdatamodel */ = {isa = PBXFileReference; lastKnownFileType = wrapper.xcdatamodel; path = Food_Tracker.xcdatamodel; sourceTree = "<group>"; };
		97D53FCF2041EBC900EB057D /* Assets.xcassets */ = {isa = PBXFileReference; lastKnownFileType = folder.assetcatalog; path = Assets.xcassets; sourceTree = "<group>"; };
		97D53FD22041EBC900EB057D /* Base */ = {isa = PBXFileReference; lastKnownFileType = file.storyboard; name = Base; path = Base.lproj/LaunchScreen.storyboard; sourceTree = "<group>"; };
		97D53FD42041EBC900EB057D /* Info.plist */ = {isa = PBXFileReference; lastKnownFileType = text.plist.xml; path = Info.plist; sourceTree = "<group>"; };
		97D53FD92041EBC900EB057D /* Food TrackerTests.xctest */ = {isa = PBXFileReference; explicitFileType = wrapper.cfbundle; includeInIndex = 0; path = "Food TrackerTests.xctest"; sourceTree = BUILT_PRODUCTS_DIR; };
		97D53FDD2041EBC900EB057D /* Food_TrackerTests.swift */ = {isa = PBXFileReference; lastKnownFileType = sourcecode.swift; path = Food_TrackerTests.swift; sourceTree = "<group>"; };
		97D53FDF2041EBC900EB057D /* Info.plist */ = {isa = PBXFileReference; lastKnownFileType = text.plist.xml; path = Info.plist; sourceTree = "<group>"; };
		97D53FE42041EBC900EB057D /* Food TrackerUITests.xctest */ = {isa = PBXFileReference; explicitFileType = wrapper.cfbundle; includeInIndex = 0; path = "Food TrackerUITests.xctest"; sourceTree = BUILT_PRODUCTS_DIR; };
		97D53FE82041EBC900EB057D /* Food_TrackerUITests.swift */ = {isa = PBXFileReference; lastKnownFileType = sourcecode.swift; path = Food_TrackerUITests.swift; sourceTree = "<group>"; };
		97D53FEA2041EBC900EB057D /* Info.plist */ = {isa = PBXFileReference; lastKnownFileType = text.plist.xml; path = Info.plist; sourceTree = "<group>"; };
		97D53FF62041EFCC00EB057D /* MealViewController.swift */ = {isa = PBXFileReference; lastKnownFileType = sourcecode.swift; path = MealViewController.swift; sourceTree = "<group>"; };
		97D53FF82042159300EB057D /* RatingControl.swift */ = {isa = PBXFileReference; lastKnownFileType = sourcecode.swift; path = RatingControl.swift; sourceTree = "<group>"; };
		97E122792043354C0067AEC4 /* Meal.swift */ = {isa = PBXFileReference; lastKnownFileType = sourcecode.swift; path = Meal.swift; sourceTree = "<group>"; };
		97E1227B20433EC70067AEC4 /* MealTableViewCell.swift */ = {isa = PBXFileReference; lastKnownFileType = sourcecode.swift; path = MealTableViewCell.swift; sourceTree = "<group>"; };
		97E1227D204340C50067AEC4 /* MealTableViewController.swift */ = {isa = PBXFileReference; lastKnownFileType = sourcecode.swift; path = MealTableViewController.swift; sourceTree = "<group>"; };
/* End PBXFileReference section */

/* Begin PBXFrameworksBuildPhase section */
		97D53FBF2041EBC900EB057D /* Frameworks */ = {
			isa = PBXFrameworksBuildPhase;
			buildActionMask = 2147483647;
			files = (
			);
			runOnlyForDeploymentPostprocessing = 0;
		};
		97D53FD62041EBC900EB057D /* Frameworks */ = {
			isa = PBXFrameworksBuildPhase;
			buildActionMask = 2147483647;
			files = (
			);
			runOnlyForDeploymentPostprocessing = 0;
		};
		97D53FE12041EBC900EB057D /* Frameworks */ = {
			isa = PBXFrameworksBuildPhase;
			buildActionMask = 2147483647;
			files = (
			);
			runOnlyForDeploymentPostprocessing = 0;
		};
/* End PBXFrameworksBuildPhase section */

/* Begin PBXGroup section */
		977C460C2049FEBE00E7B42D /* Login&Signup */ = {
			isa = PBXGroup;
			children = (
				977C4610204A4BC200E7B42D /* GradientView.swift */,
				977C460A2049FEAD00E7B42D /* LoginViewController.swift */,
				977C460E204A0D0200E7B42D /* RegisterViewController.swift */,
			);
			path = "Login&Signup";
			sourceTree = "<group>";
		};
		977C460D2049FEF600E7B42D /* Meal View Controllers */ = {
			isa = PBXGroup;
			children = (
				97640841204485D800F88FEF /* APIManager.swift */,
				97E122792043354C0067AEC4 /* Meal.swift */,
				97D53FF82042159300EB057D /* RatingControl.swift */,
				97E1227B20433EC70067AEC4 /* MealTableViewCell.swift */,
				97E1227D204340C50067AEC4 /* MealTableViewController.swift */,
				97D53FF62041EFCC00EB057D /* MealViewController.swift */,
			);
			path = "Meal View Controllers";
			sourceTree = "<group>";
		};
		97D53FB92041EBC900EB057D = {
			isa = PBXGroup;
			children = (
				97D53FC42041EBC900EB057D /* Food Tracker */,
				97D53FDC2041EBC900EB057D /* Food TrackerTests */,
				97D53FE72041EBC900EB057D /* Food TrackerUITests */,
				97D53FC32041EBC900EB057D /* Products */,
			);
			sourceTree = "<group>";
		};
		97D53FC32041EBC900EB057D /* Products */ = {
			isa = PBXGroup;
			children = (
				97D53FC22041EBC900EB057D /* Food Tracker.app */,
				97D53FD92041EBC900EB057D /* Food TrackerTests.xctest */,
				97D53FE42041EBC900EB057D /* Food TrackerUITests.xctest */,
			);
			name = Products;
			sourceTree = "<group>";
		};
		97D53FC42041EBC900EB057D /* Food Tracker */ = {
			isa = PBXGroup;
			children = (
				97D53FC52041EBC900EB057D /* AppDelegate.swift */,
				977C460C2049FEBE00E7B42D /* Login&Signup */,
				977C460D2049FEF600E7B42D /* Meal View Controllers */,
				97D53FC92041EBC900EB057D /* Main.storyboard */,
				97D53FCF2041EBC900EB057D /* Assets.xcassets */,
				97D53FD12041EBC900EB057D /* LaunchScreen.storyboard */,
				97D53FD42041EBC900EB057D /* Info.plist */,
				97D53FCC2041EBC900EB057D /* Food_Tracker.xcdatamodeld */,
			);
			path = "Food Tracker";
			sourceTree = "<group>";
		};
		97D53FDC2041EBC900EB057D /* Food TrackerTests */ = {
			isa = PBXGroup;
			children = (
				97D53FDD2041EBC900EB057D /* Food_TrackerTests.swift */,
				97D53FDF2041EBC900EB057D /* Info.plist */,
			);
			path = "Food TrackerTests";
			sourceTree = "<group>";
		};
		97D53FE72041EBC900EB057D /* Food TrackerUITests */ = {
			isa = PBXGroup;
			children = (
				97D53FE82041EBC900EB057D /* Food_TrackerUITests.swift */,
				97D53FEA2041EBC900EB057D /* Info.plist */,
			);
			path = "Food TrackerUITests";
			sourceTree = "<group>";
		};
/* End PBXGroup section */

/* Begin PBXNativeTarget section */
		97D53FC12041EBC900EB057D /* Food Tracker */ = {
			isa = PBXNativeTarget;
			buildConfigurationList = 97D53FED2041EBC900EB057D /* Build configuration list for PBXNativeTarget "Food Tracker" */;
			buildPhases = (
				97D53FBE2041EBC900EB057D /* Sources */,
				97D53FBF2041EBC900EB057D /* Frameworks */,
				97D53FC02041EBC900EB057D /* Resources */,
			);
			buildRules = (
			);
			dependencies = (
			);
			name = "Food Tracker";
			productName = "Food Tracker";
			productReference = 97D53FC22041EBC900EB057D /* Food Tracker.app */;
			productType = "com.apple.product-type.application";
		};
		97D53FD82041EBC900EB057D /* Food TrackerTests */ = {
			isa = PBXNativeTarget;
			buildConfigurationList = 97D53FF02041EBC900EB057D /* Build configuration list for PBXNativeTarget "Food TrackerTests" */;
			buildPhases = (
				97D53FD52041EBC900EB057D /* Sources */,
				97D53FD62041EBC900EB057D /* Frameworks */,
				97D53FD72041EBC900EB057D /* Resources */,
			);
			buildRules = (
			);
			dependencies = (
				97D53FDB2041EBC900EB057D /* PBXTargetDependency */,
			);
			name = "Food TrackerTests";
			productName = "Food TrackerTests";
			productReference = 97D53FD92041EBC900EB057D /* Food TrackerTests.xctest */;
			productType = "com.apple.product-type.bundle.unit-test";
		};
		97D53FE32041EBC900EB057D /* Food TrackerUITests */ = {
			isa = PBXNativeTarget;
			buildConfigurationList = 97D53FF32041EBC900EB057D /* Build configuration list for PBXNativeTarget "Food TrackerUITests" */;
			buildPhases = (
				97D53FE02041EBC900EB057D /* Sources */,
				97D53FE12041EBC900EB057D /* Frameworks */,
				97D53FE22041EBC900EB057D /* Resources */,
			);
			buildRules = (
			);
			dependencies = (
				97D53FE62041EBC900EB057D /* PBXTargetDependency */,
			);
			name = "Food TrackerUITests";
			productName = "Food TrackerUITests";
			productReference = 97D53FE42041EBC900EB057D /* Food TrackerUITests.xctest */;
			productType = "com.apple.product-type.bundle.ui-testing";
		};
/* End PBXNativeTarget section */

/* Begin PBXProject section */
		97D53FBA2041EBC900EB057D /* Project object */ = {
			isa = PBXProject;
			attributes = {
				LastSwiftUpdateCheck = 0920;
				LastUpgradeCheck = 0920;
				ORGANIZATIONNAME = "Aaron Chong";
				TargetAttributes = {
					97D53FC12041EBC900EB057D = {
						CreatedOnToolsVersion = 9.2;
						ProvisioningStyle = Automatic;
					};
					97D53FD82041EBC900EB057D = {
						CreatedOnToolsVersion = 9.2;
						ProvisioningStyle = Automatic;
						TestTargetID = 97D53FC12041EBC900EB057D;
					};
					97D53FE32041EBC900EB057D = {
						CreatedOnToolsVersion = 9.2;
						ProvisioningStyle = Automatic;
						TestTargetID = 97D53FC12041EBC900EB057D;
					};
				};
			};
			buildConfigurationList = 97D53FBD2041EBC900EB057D /* Build configuration list for PBXProject "Food Tracker" */;
			compatibilityVersion = "Xcode 8.0";
			developmentRegion = en;
			hasScannedForEncodings = 0;
			knownRegions = (
				en,
				Base,
			);
			mainGroup = 97D53FB92041EBC900EB057D;
			productRefGroup = 97D53FC32041EBC900EB057D /* Products */;
			projectDirPath = "";
			projectRoot = "";
			targets = (
				97D53FC12041EBC900EB057D /* Food Tracker */,
				97D53FD82041EBC900EB057D /* Food TrackerTests */,
				97D53FE32041EBC900EB057D /* Food TrackerUITests */,
			);
		};
/* End PBXProject section */

/* Begin PBXResourcesBuildPhase section */
		97D53FC02041EBC900EB057D /* Resources */ = {
			isa = PBXResourcesBuildPhase;
			buildActionMask = 2147483647;
			files = (
				97D53FD32041EBC900EB057D /* LaunchScreen.storyboard in Resources */,
				97D53FD02041EBC900EB057D /* Assets.xcassets in Resources */,
				97D53FCB2041EBC900EB057D /* Main.storyboard in Resources */,
			);
			runOnlyForDeploymentPostprocessing = 0;
		};
		97D53FD72041EBC900EB057D /* Resources */ = {
			isa = PBXResourcesBuildPhase;
			buildActionMask = 2147483647;
			files = (
			);
			runOnlyForDeploymentPostprocessing = 0;
		};
		97D53FE22041EBC900EB057D /* Resources */ = {
			isa = PBXResourcesBuildPhase;
			buildActionMask = 2147483647;
			files = (
			);
			runOnlyForDeploymentPostprocessing = 0;
		};
/* End PBXResourcesBuildPhase section */

/* Begin PBXSourcesBuildPhase section */
		97D53FBE2041EBC900EB057D /* Sources */ = {
			isa = PBXSourcesBuildPhase;
			buildActionMask = 2147483647;
			files = (
				97640842204485D800F88FEF /* APIManager.swift in Sources */,
				977C460F204A0D0200E7B42D /* RegisterViewController.swift in Sources */,
				97E1227A2043354C0067AEC4 /* Meal.swift in Sources */,
				97D53FF92042159300EB057D /* RatingControl.swift in Sources */,
				97E1227E204340C50067AEC4 /* MealTableViewController.swift in Sources */,
				97E1227C20433EC70067AEC4 /* MealTableViewCell.swift in Sources */,
				977C4611204A4BC200E7B42D /* GradientView.swift in Sources */,
				97D53FF72041EFCC00EB057D /* MealViewController.swift in Sources */,
				97D53FC62041EBC900EB057D /* AppDelegate.swift in Sources */,
				977C460B2049FEAD00E7B42D /* LoginViewController.swift in Sources */,
				97D53FCE2041EBC900EB057D /* Food_Tracker.xcdatamodeld in Sources */,
			);
			runOnlyForDeploymentPostprocessing = 0;
		};
		97D53FD52041EBC900EB057D /* Sources */ = {
			isa = PBXSourcesBuildPhase;
			buildActionMask = 2147483647;
			files = (
				97D53FDE2041EBC900EB057D /* Food_TrackerTests.swift in Sources */,
			);
			runOnlyForDeploymentPostprocessing = 0;
		};
		97D53FE02041EBC900EB057D /* Sources */ = {
			isa = PBXSourcesBuildPhase;
			buildActionMask = 2147483647;
			files = (
				97D53FE92041EBC900EB057D /* Food_TrackerUITests.swift in Sources */,
			);
			runOnlyForDeploymentPostprocessing = 0;
		};
/* End PBXSourcesBuildPhase section */

/* Begin PBXTargetDependency section */
		97D53FDB2041EBC900EB057D /* PBXTargetDependency */ = {
			isa = PBXTargetDependency;
			target = 97D53FC12041EBC900EB057D /* Food Tracker */;
			targetProxy = 97D53FDA2041EBC900EB057D /* PBXContainerItemProxy */;
		};
		97D53FE62041EBC900EB057D /* PBXTargetDependency */ = {
			isa = PBXTargetDependency;
			target = 97D53FC12041EBC900EB057D /* Food Tracker */;
			targetProxy = 97D53FE52041EBC900EB057D /* PBXContainerItemProxy */;
		};
/* End PBXTargetDependency section */

/* Begin PBXVariantGroup section */
		97D53FC92041EBC900EB057D /* Main.storyboard */ = {
			isa = PBXVariantGroup;
			children = (
				97D53FCA2041EBC900EB057D /* Base */,
			);
			name = Main.storyboard;
			sourceTree = "<group>";
		};
		97D53FD12041EBC900EB057D /* LaunchScreen.storyboard */ = {
			isa = PBXVariantGroup;
			children = (
				97D53FD22041EBC900EB057D /* Base */,
			);
			name = LaunchScreen.storyboard;
			sourceTree = "<group>";
		};
/* End PBXVariantGroup section */

/* Begin XCBuildConfiguration section */
		97D53FEB2041EBC900EB057D /* Debug */ = {
			isa = XCBuildConfiguration;
			buildSettings = {
				ALWAYS_SEARCH_USER_PATHS = NO;
				CLANG_ANALYZER_NONNULL = YES;
				CLANG_ANALYZER_NUMBER_OBJECT_CONVERSION = YES_AGGRESSIVE;
				CLANG_CXX_LANGUAGE_STANDARD = "gnu++14";
				CLANG_CXX_LIBRARY = "libc++";
				CLANG_ENABLE_MODULES = YES;
				CLANG_ENABLE_OBJC_ARC = YES;
				CLANG_WARN_BLOCK_CAPTURE_AUTORELEASING = YES;
				CLANG_WARN_BOOL_CONVERSION = YES;
				CLANG_WARN_COMMA = YES;
				CLANG_WARN_CONSTANT_CONVERSION = YES;
				CLANG_WARN_DIRECT_OBJC_ISA_USAGE = YES_ERROR;
				CLANG_WARN_DOCUMENTATION_COMMENTS = YES;
				CLANG_WARN_EMPTY_BODY = YES;
				CLANG_WARN_ENUM_CONVERSION = YES;
				CLANG_WARN_INFINITE_RECURSION = YES;
				CLANG_WARN_INT_CONVERSION = YES;
				CLANG_WARN_NON_LITERAL_NULL_CONVERSION = YES;
				CLANG_WARN_OBJC_LITERAL_CONVERSION = YES;
				CLANG_WARN_OBJC_ROOT_CLASS = YES_ERROR;
				CLANG_WARN_RANGE_LOOP_ANALYSIS = YES;
				CLANG_WARN_STRICT_PROTOTYPES = YES;
				CLANG_WARN_SUSPICIOUS_MOVE = YES;
				CLANG_WARN_UNGUARDED_AVAILABILITY = YES_AGGRESSIVE;
				CLANG_WARN_UNREACHABLE_CODE = YES;
				CLANG_WARN__DUPLICATE_METHOD_MATCH = YES;
				CODE_SIGN_IDENTITY = "iPhone Developer";
				COPY_PHASE_STRIP = NO;
				DEBUG_INFORMATION_FORMAT = dwarf;
				ENABLE_STRICT_OBJC_MSGSEND = YES;
				ENABLE_TESTABILITY = YES;
				GCC_C_LANGUAGE_STANDARD = gnu11;
				GCC_DYNAMIC_NO_PIC = NO;
				GCC_NO_COMMON_BLOCKS = YES;
				GCC_OPTIMIZATION_LEVEL = 0;
				GCC_PREPROCESSOR_DEFINITIONS = (
					"DEBUG=1",
					"$(inherited)",
				);
				GCC_WARN_64_TO_32_BIT_CONVERSION = YES;
				GCC_WARN_ABOUT_RETURN_TYPE = YES_ERROR;
				GCC_WARN_UNDECLARED_SELECTOR = YES;
				GCC_WARN_UNINITIALIZED_AUTOS = YES_AGGRESSIVE;
				GCC_WARN_UNUSED_FUNCTION = YES;
				GCC_WARN_UNUSED_VARIABLE = YES;
				IPHONEOS_DEPLOYMENT_TARGET = 11.2;
				MTL_ENABLE_DEBUG_INFO = YES;
				ONLY_ACTIVE_ARCH = YES;
				SDKROOT = iphoneos;
				SWIFT_ACTIVE_COMPILATION_CONDITIONS = DEBUG;
				SWIFT_OPTIMIZATION_LEVEL = "-Onone";
			};
			name = Debug;
		};
		97D53FEC2041EBC900EB057D /* Release */ = {
			isa = XCBuildConfiguration;
			buildSettings = {
				ALWAYS_SEARCH_USER_PATHS = NO;
				CLANG_ANALYZER_NONNULL = YES;
				CLANG_ANALYZER_NUMBER_OBJECT_CONVERSION = YES_AGGRESSIVE;
				CLANG_CXX_LANGUAGE_STANDARD = "gnu++14";
				CLANG_CXX_LIBRARY = "libc++";
				CLANG_ENABLE_MODULES = YES;
				CLANG_ENABLE_OBJC_ARC = YES;
				CLANG_WARN_BLOCK_CAPTURE_AUTORELEASING = YES;
				CLANG_WARN_BOOL_CONVERSION = YES;
				CLANG_WARN_COMMA = YES;
				CLANG_WARN_CONSTANT_CONVERSION = YES;
				CLANG_WARN_DIRECT_OBJC_ISA_USAGE = YES_ERROR;
				CLANG_WARN_DOCUMENTATION_COMMENTS = YES;
				CLANG_WARN_EMPTY_BODY = YES;
				CLANG_WARN_ENUM_CONVERSION = YES;
				CLANG_WARN_INFINITE_RECURSION = YES;
				CLANG_WARN_INT_CONVERSION = YES;
				CLANG_WARN_NON_LITERAL_NULL_CONVERSION = YES;
				CLANG_WARN_OBJC_LITERAL_CONVERSION = YES;
				CLANG_WARN_OBJC_ROOT_CLASS = YES_ERROR;
				CLANG_WARN_RANGE_LOOP_ANALYSIS = YES;
				CLANG_WARN_STRICT_PROTOTYPES = YES;
				CLANG_WARN_SUSPICIOUS_MOVE = YES;
				CLANG_WARN_UNGUARDED_AVAILABILITY = YES_AGGRESSIVE;
				CLANG_WARN_UNREACHABLE_CODE = YES;
				CLANG_WARN__DUPLICATE_METHOD_MATCH = YES;
				CODE_SIGN_IDENTITY = "iPhone Developer";
				COPY_PHASE_STRIP = NO;
				DEBUG_INFORMATION_FORMAT = "dwarf-with-dsym";
				ENABLE_NS_ASSERTIONS = NO;
				ENABLE_STRICT_OBJC_MSGSEND = YES;
				GCC_C_LANGUAGE_STANDARD = gnu11;
				GCC_NO_COMMON_BLOCKS = YES;
				GCC_WARN_64_TO_32_BIT_CONVERSION = YES;
				GCC_WARN_ABOUT_RETURN_TYPE = YES_ERROR;
				GCC_WARN_UNDECLARED_SELECTOR = YES;
				GCC_WARN_UNINITIALIZED_AUTOS = YES_AGGRESSIVE;
				GCC_WARN_UNUSED_FUNCTION = YES;
				GCC_WARN_UNUSED_VARIABLE = YES;
				IPHONEOS_DEPLOYMENT_TARGET = 11.2;
				MTL_ENABLE_DEBUG_INFO = NO;
				SDKROOT = iphoneos;
				SWIFT_OPTIMIZATION_LEVEL = "-Owholemodule";
				VALIDATE_PRODUCT = YES;
			};
			name = Release;
		};
		97D53FEE2041EBC900EB057D /* Debug */ = {
			isa = XCBuildConfiguration;
			buildSettings = {
				ASSETCATALOG_COMPILER_APPICON_NAME = AppIcon;
				CODE_SIGN_STYLE = Automatic;
				INFOPLIST_FILE = "Food Tracker/Info.plist";
				LD_RUNPATH_SEARCH_PATHS = "$(inherited) @executable_path/Frameworks";
				PRODUCT_BUNDLE_IDENTIFIER = "com.AaronChong.Food-Tracker";
				PRODUCT_NAME = "$(TARGET_NAME)";
				SWIFT_VERSION = 4.0;
				TARGETED_DEVICE_FAMILY = "1,2";
			};
			name = Debug;
		};
		97D53FEF2041EBC900EB057D /* Release */ = {
			isa = XCBuildConfiguration;
			buildSettings = {
				ASSETCATALOG_COMPILER_APPICON_NAME = AppIcon;
				CODE_SIGN_STYLE = Automatic;
				INFOPLIST_FILE = "Food Tracker/Info.plist";
				LD_RUNPATH_SEARCH_PATHS = "$(inherited) @executable_path/Frameworks";
				PRODUCT_BUNDLE_IDENTIFIER = "com.AaronChong.Food-Tracker";
				PRODUCT_NAME = "$(TARGET_NAME)";
				SWIFT_VERSION = 4.0;
				TARGETED_DEVICE_FAMILY = "1,2";
			};
			name = Release;
		};
		97D53FF12041EBC900EB057D /* Debug */ = {
			isa = XCBuildConfiguration;
			buildSettings = {
				ALWAYS_EMBED_SWIFT_STANDARD_LIBRARIES = YES;
				BUNDLE_LOADER = "$(TEST_HOST)";
				CODE_SIGN_STYLE = Automatic;
				INFOPLIST_FILE = "Food TrackerTests/Info.plist";
				LD_RUNPATH_SEARCH_PATHS = "$(inherited) @executable_path/Frameworks @loader_path/Frameworks";
				PRODUCT_BUNDLE_IDENTIFIER = "com.AaronChong.Food-TrackerTests";
				PRODUCT_NAME = "$(TARGET_NAME)";
				SWIFT_VERSION = 4.0;
				TARGETED_DEVICE_FAMILY = "1,2";
				TEST_HOST = "$(BUILT_PRODUCTS_DIR)/Food Tracker.app/Food Tracker";
			};
			name = Debug;
		};
		97D53FF22041EBC900EB057D /* Release */ = {
			isa = XCBuildConfiguration;
			buildSettings = {
				ALWAYS_EMBED_SWIFT_STANDARD_LIBRARIES = YES;
				BUNDLE_LOADER = "$(TEST_HOST)";
				CODE_SIGN_STYLE = Automatic;
				INFOPLIST_FILE = "Food TrackerTests/Info.plist";
				LD_RUNPATH_SEARCH_PATHS = "$(inherited) @executable_path/Frameworks @loader_path/Frameworks";
				PRODUCT_BUNDLE_IDENTIFIER = "com.AaronChong.Food-TrackerTests";
				PRODUCT_NAME = "$(TARGET_NAME)";
				SWIFT_VERSION = 4.0;
				TARGETED_DEVICE_FAMILY = "1,2";
				TEST_HOST = "$(BUILT_PRODUCTS_DIR)/Food Tracker.app/Food Tracker";
			};
			name = Release;
		};
		97D53FF42041EBC900EB057D /* Debug */ = {
			isa = XCBuildConfiguration;
			buildSettings = {
				ALWAYS_EMBED_SWIFT_STANDARD_LIBRARIES = YES;
				CODE_SIGN_STYLE = Automatic;
				INFOPLIST_FILE = "Food TrackerUITests/Info.plist";
				LD_RUNPATH_SEARCH_PATHS = "$(inherited) @executable_path/Frameworks @loader_path/Frameworks";
				PRODUCT_BUNDLE_IDENTIFIER = "com.AaronChong.Food-TrackerUITests";
				PRODUCT_NAME = "$(TARGET_NAME)";
				SWIFT_VERSION = 4.0;
				TARGETED_DEVICE_FAMILY = "1,2";
				TEST_TARGET_NAME = "Food Tracker";
			};
			name = Debug;
		};
		97D53FF52041EBC900EB057D /* Release */ = {
			isa = XCBuildConfiguration;
			buildSettings = {
				ALWAYS_EMBED_SWIFT_STANDARD_LIBRARIES = YES;
				CODE_SIGN_STYLE = Automatic;
				INFOPLIST_FILE = "Food TrackerUITests/Info.plist";
				LD_RUNPATH_SEARCH_PATHS = "$(inherited) @executable_path/Frameworks @loader_path/Frameworks";
				PRODUCT_BUNDLE_IDENTIFIER = "com.AaronChong.Food-TrackerUITests";
				PRODUCT_NAME = "$(TARGET_NAME)";
				SWIFT_VERSION = 4.0;
				TARGETED_DEVICE_FAMILY = "1,2";
				TEST_TARGET_NAME = "Food Tracker";
			};
			name = Release;
		};
/* End XCBuildConfiguration section */

/* Begin XCConfigurationList section */
		97D53FBD2041EBC900EB057D /* Build configuration list for PBXProject "Food Tracker" */ = {
			isa = XCConfigurationList;
			buildConfigurations = (
				97D53FEB2041EBC900EB057D /* Debug */,
				97D53FEC2041EBC900EB057D /* Release */,
			);
			defaultConfigurationIsVisible = 0;
			defaultConfigurationName = Release;
		};
		97D53FED2041EBC900EB057D /* Build configuration list for PBXNativeTarget "Food Tracker" */ = {
			isa = XCConfigurationList;
			buildConfigurations = (
				97D53FEE2041EBC900EB057D /* Debug */,
				97D53FEF2041EBC900EB057D /* Release */,
			);
			defaultConfigurationIsVisible = 0;
			defaultConfigurationName = Release;
		};
		97D53FF02041EBC900EB057D /* Build configuration list for PBXNativeTarget "Food TrackerTests" */ = {
			isa = XCConfigurationList;
			buildConfigurations = (
				97D53FF12041EBC900EB057D /* Debug */,
				97D53FF22041EBC900EB057D /* Release */,
			);
			defaultConfigurationIsVisible = 0;
			defaultConfigurationName = Release;
		};
		97D53FF32041EBC900EB057D /* Build configuration list for PBXNativeTarget "Food TrackerUITests" */ = {
			isa = XCConfigurationList;
			buildConfigurations = (
				97D53FF42041EBC900EB057D /* Debug */,
				97D53FF52041EBC900EB057D /* Release */,
			);
			defaultConfigurationIsVisible = 0;
			defaultConfigurationName = Release;
		};
/* End XCConfigurationList section */

/* Begin XCVersionGroup section */
		97D53FCC2041EBC900EB057D /* Food_Tracker.xcdatamodeld */ = {
			isa = XCVersionGroup;
			children = (
				97D53FCD2041EBC900EB057D /* Food_Tracker.xcdatamodel */,
			);
			currentVersion = 97D53FCD2041EBC900EB057D /* Food_Tracker.xcdatamodel */;
			path = Food_Tracker.xcdatamodeld;
			sourceTree = "<group>";
			versionGroupType = wrapper.xcdatamodel;
		};
/* End XCVersionGroup section */
	};
	rootObject = 97D53FBA2041EBC900EB057D /* Project object */;
}
